{
  "version": 4,
  "terraform_version": "1.6.4",
  "serial": 17,
  "lineage": "9ba7e3fe-3db1-af9e-adce-ee3f84f65559",
  "outputs": {},
  "resources": [
    {
      "mode": "data",
      "type": "google_firebase_web_app_config",
      "name": "example",
      "provider": "provider[\"registry.terraform.io/hashicorp/google-beta\"]",
      "instances": [
        {
          "schema_version": 0,
          "attributes": {
            "api_key": "AIzaSyBPwHyztHSCEn_PEw3Hy72no38i5uGuWpc",
            "auth_domain": "productdevelopment-a9c31.firebaseapp.com",
            "database_url": "",
            "id": "1:612969750246:web:57394d83275d2dabbea527",
            "location_id": "",
            "measurement_id": "",
            "messaging_sender_id": "612969750246",
            "project": "productdevelopment-a9c31",
            "storage_bucket": "productdevelopment-a9c31.firebasestorage.app",
            "web_app_id": "1:612969750246:web:57394d83275d2dabbea527"
          },
          "sensitive_attributes": []
        }
      ]
    },
    {
      "mode": "data",
      "type": "google_project",
      "name": "project",
      "provider": "provider[\"registry.terraform.io/hashicorp/google-beta\"]",
      "instances": [
        {
          "schema_version": 0,
          "attributes": {
            "auto_create_network": null,
            "billing_account": null,
            "deletion_policy": "DELETE",
            "effective_labels": {
              "firebase": "enabled"
            },
            "folder_id": null,
            "id": "projects/productdevelopment-a9c31",
            "labels": {
              "firebase": "enabled"
            },
            "name": "ProductDevelopment",
            "number": "612969750246",
            "org_id": null,
            "project_id": "productdevelopment-a9c31",
            "skip_delete": null,
            "terraform_labels": {
              "firebase": "enabled"
            }
          },
          "sensitive_attributes": []
        }
      ]
    },
    {
      "mode": "managed",
      "type": "google_apikeys_key",
      "name": "generativelanguage",
      "provider": "provider[\"registry.terraform.io/hashicorp/google-beta\"]",
      "instances": [
        {
          "schema_version": 0,
          "attributes": {
            "display_name": "Gemini API Key",
            "id": "projects/productdevelopment-a9c31/locations/global/keys/gemini-api-key",
            "key_string": "AIzaSyB1AyRMGFz8FcblWi47AWC0qsqXDM06ey4",
            "name": "gemini-api-key",
            "project": "productdevelopment-a9c31",
            "restrictions": [
              {
                "android_key_restrictions": [],
                "api_targets": [
                  {
                    "methods": [],
                    "service": "generativelanguage.googleapis.com"
                  }
                ],
                "browser_key_restrictions": [
                  {
                    "allowed_referrers": [
                      "*"
                    ]
                  }
                ],
                "ios_key_restrictions": [],
                "server_key_restrictions": []
              }
            ],
            "timeouts": null,
            "uid": "ac561afb-9b25-46f6-b93c-f1bdedd68a48"
          },
          "sensitive_attributes": [],
          "private": "eyJlMmJmYjczMC1lY2FhLTExZTYtOGY4OC0zNDM2M2JjN2M0YzAiOnsiY3JlYXRlIjoxMjAwMDAwMDAwMDAwLCJkZWxldGUiOjEyMDAwMDAwMDAwMDAsInVwZGF0ZSI6MTIwMDAwMDAwMDAwMH19",
          "dependencies": [
            "google_project_service.services"
          ]
        }
      ]
    },
    {
      "mode": "managed",
      "type": "google_firebase_web_app",
      "name": "example",
      "provider": "provider[\"registry.terraform.io/hashicorp/google-beta\"]",
      "instances": [
        {
          "schema_version": 0,
          "attributes": {
            "api_key_id": "a380d90b-b725-4ef5-8d84-b664c380f98f",
            "app_id": "1:612969750246:web:57394d83275d2dabbea527",
            "app_urls": [],
            "deletion_policy": "DELETE",
            "display_name": "Make It So AI!",
            "id": "projects/productdevelopment-a9c31/webApps/1:612969750246:web:57394d83275d2dabbea527",
            "name": "projects/productdevelopment-a9c31/webApps/1:612969750246:web:57394d83275d2dabbea527",
            "project": "productdevelopment-a9c31",
            "timeouts": null
          },
          "sensitive_attributes": [],
          "private": "eyJlMmJmYjczMC1lY2FhLTExZTYtOGY4OC0zNDM2M2JjN2M0YzAiOnsiY3JlYXRlIjoxMjAwMDAwMDAwMDAwLCJkZWxldGUiOjEyMDAwMDAwMDAwMDAsInVwZGF0ZSI6MTIwMDAwMDAwMDAwMH19"
        }
      ]
    },
    {
      "mode": "managed",
      "type": "google_firebaserules_release",
      "name": "firestore",
      "provider": "provider[\"registry.terraform.io/hashicorp/google-beta\"]",
      "instances": [
        {
          "schema_version": 0,
          "attributes": {
            "create_time": "2024-11-15T13:13:07.208958Z",
            "disabled": false,
            "id": "projects/productdevelopment-a9c31/releases/cloud.firestore",
            "name": "cloud.firestore",
            "project": "productdevelopment-a9c31",
            "ruleset_name": "f730c35f-24d3-4b3e-ac36-a0580ca38719",
            "timeouts": null,
            "update_time": "2024-11-15T13:13:07.208958Z"
          },
          "sensitive_attributes": [],
          "private": "eyJlMmJmYjczMC1lY2FhLTExZTYtOGY4OC0zNDM2M2JjN2M0YzAiOnsiY3JlYXRlIjoxMjAwMDAwMDAwMDAwLCJkZWxldGUiOjEyMDAwMDAwMDAwMDB9fQ==",
          "dependencies": [
            "google_firebaserules_ruleset.firestore",
            "google_firestore_database.database",
            "google_project_service.services",
            "local_file.firestore_rules"
          ]
        }
      ]
    },
    {
      "mode": "managed",
      "type": "google_firebaserules_ruleset",
      "name": "firestore",
      "provider": "provider[\"registry.terraform.io/hashicorp/google-beta\"]",
      "instances": [
        {
          "schema_version": 0,
          "attributes": {
            "create_time": "2024-11-15T13:13:04.137232Z",
            "id": "projects/productdevelopment-a9c31/rulesets/f730c35f-24d3-4b3e-ac36-a0580ca38719",
            "metadata": [
              {
                "services": [
                  "cloud.firestore"
                ]
              }
            ],
            "name": "f730c35f-24d3-4b3e-ac36-a0580ca38719",
            "project": "productdevelopment-a9c31",
            "source": [
              {
                "files": [
                  {
                    "content": "service cloud.firestore {\n  match /databases/{database}/documents/{document=**} {\n    allow read, write: if request.auth != null \u0026\u0026 request.time \u003c timestamp.date(2024, 12, 15);\n  }\n}\n",
                    "fingerprint": "",
                    "name": "firestore.rules"
                  }
                ],
                "language": ""
              }
            ],
            "timeouts": null
          },
          "sensitive_attributes": [],
          "private": "eyJlMmJmYjczMC1lY2FhLTExZTYtOGY4OC0zNDM2M2JjN2M0YzAiOnsiY3JlYXRlIjoxMjAwMDAwMDAwMDAwLCJkZWxldGUiOjEyMDAwMDAwMDAwMDB9fQ==",
          "dependencies": [
            "google_firestore_database.database",
            "google_project_service.services",
            "local_file.firestore_rules"
          ]
        }
      ]
    },
    {
      "mode": "managed",
      "type": "google_firestore_database",
      "name": "database",
      "provider": "provider[\"registry.terraform.io/hashicorp/google-beta\"]",
      "instances": [
        {
          "schema_version": 0,
          "attributes": {
            "app_engine_integration_mode": "DISABLED",
            "cmek_config": [],
            "concurrency_mode": "PESSIMISTIC",
            "create_time": "",
            "delete_protection_state": "DELETE_PROTECTION_DISABLED",
            "deletion_policy": "ABANDON",
            "earliest_version_time": "2024-11-15T13:13:02.206449Z",
            "etag": "IOPSr6e13okDMPGzgp213okD",
            "id": "projects/productdevelopment-a9c31/databases/(default)",
            "key_prefix": "",
            "location_id": "nam5",
            "name": "(default)",
            "point_in_time_recovery_enablement": "POINT_IN_TIME_RECOVERY_DISABLED",
            "project": "productdevelopment-a9c31",
            "timeouts": null,
            "type": "FIRESTORE_NATIVE",
            "uid": "779585a0-ee8d-4d35-991a-b856f3187fb4",
            "update_time": "",
            "version_retention_period": "3600s"
          },
          "sensitive_attributes": [],
          "private": "eyJlMmJmYjczMC1lY2FhLTExZTYtOGY4OC0zNDM2M2JjN2M0YzAiOnsiY3JlYXRlIjoxMjAwMDAwMDAwMDAwLCJkZWxldGUiOjEyMDAwMDAwMDAwMDAsInVwZGF0ZSI6MTIwMDAwMDAwMDAwMH19",
          "dependencies": [
            "google_project_service.services"
          ]
        }
      ]
    },
    {
      "mode": "managed",
      "type": "google_project_service",
      "name": "services",
      "provider": "provider[\"registry.terraform.io/hashicorp/google-beta\"]",
      "instances": [
        {
          "index_key": "apikeys.googleapis.com",
          "schema_version": 0,
          "attributes": {
            "check_if_service_has_usage_on_destroy": false,
            "disable_dependent_services": null,
            "disable_on_destroy": false,
            "id": "productdevelopment-a9c31/apikeys.googleapis.com",
            "project": "productdevelopment-a9c31",
            "service": "apikeys.googleapis.com",
            "timeouts": null
          },
          "sensitive_attributes": [],
          "private": "eyJlMmJmYjczMC1lY2FhLTExZTYtOGY4OC0zNDM2M2JjN2M0YzAiOnsiY3JlYXRlIjoxMjAwMDAwMDAwMDAwLCJkZWxldGUiOjEyMDAwMDAwMDAwMDAsInJlYWQiOjYwMDAwMDAwMDAwMCwidXBkYXRlIjoxMjAwMDAwMDAwMDAwfX0="
        },
        {
          "index_key": "firebaserules.googleapis.com",
          "schema_version": 0,
          "attributes": {
            "check_if_service_has_usage_on_destroy": false,
            "disable_dependent_services": null,
            "disable_on_destroy": false,
            "id": "productdevelopment-a9c31/firebaserules.googleapis.com",
            "project": "productdevelopment-a9c31",
            "service": "firebaserules.googleapis.com",
            "timeouts": null
          },
          "sensitive_attributes": [],
          "private": "eyJlMmJmYjczMC1lY2FhLTExZTYtOGY4OC0zNDM2M2JjN2M0YzAiOnsiY3JlYXRlIjoxMjAwMDAwMDAwMDAwLCJkZWxldGUiOjEyMDAwMDAwMDAwMDAsInJlYWQiOjYwMDAwMDAwMDAwMCwidXBkYXRlIjoxMjAwMDAwMDAwMDAwfX0="
        },
        {
          "index_key": "firestore.googleapis.com",
          "schema_version": 0,
          "attributes": {
            "check_if_service_has_usage_on_destroy": false,
            "disable_dependent_services": null,
            "disable_on_destroy": false,
            "id": "productdevelopment-a9c31/firestore.googleapis.com",
            "project": "productdevelopment-a9c31",
            "service": "firestore.googleapis.com",
            "timeouts": null
          },
          "sensitive_attributes": [],
          "private": "eyJlMmJmYjczMC1lY2FhLTExZTYtOGY4OC0zNDM2M2JjN2M0YzAiOnsiY3JlYXRlIjoxMjAwMDAwMDAwMDAwLCJkZWxldGUiOjEyMDAwMDAwMDAwMDAsInJlYWQiOjYwMDAwMDAwMDAwMCwidXBkYXRlIjoxMjAwMDAwMDAwMDAwfX0="
        },
        {
          "index_key": "generativelanguage.googleapis.com",
          "schema_version": 0,
          "attributes": {
            "check_if_service_has_usage_on_destroy": false,
            "disable_dependent_services": null,
            "disable_on_destroy": false,
            "id": "productdevelopment-a9c31/generativelanguage.googleapis.com",
            "project": "productdevelopment-a9c31",
            "service": "generativelanguage.googleapis.com",
            "timeouts": null
          },
          "sensitive_attributes": [],
          "private": "eyJlMmJmYjczMC1lY2FhLTExZTYtOGY4OC0zNDM2M2JjN2M0YzAiOnsiY3JlYXRlIjoxMjAwMDAwMDAwMDAwLCJkZWxldGUiOjEyMDAwMDAwMDAwMDAsInJlYWQiOjYwMDAwMDAwMDAwMCwidXBkYXRlIjoxMjAwMDAwMDAwMDAwfX0="
        },
        {
          "index_key": "serviceusage.googleapis.com",
          "schema_version": 0,
          "attributes": {
            "check_if_service_has_usage_on_destroy": false,
            "disable_dependent_services": null,
            "disable_on_destroy": false,
            "id": "productdevelopment-a9c31/serviceusage.googleapis.com",
            "project": "productdevelopment-a9c31",
            "service": "serviceusage.googleapis.com",
            "timeouts": null
          },
          "sensitive_attributes": [],
          "private": "eyJlMmJmYjczMC1lY2FhLTExZTYtOGY4OC0zNDM2M2JjN2M0YzAiOnsiY3JlYXRlIjoxMjAwMDAwMDAwMDAwLCJkZWxldGUiOjEyMDAwMDAwMDAwMDAsInJlYWQiOjYwMDAwMDAwMDAwMCwidXBkYXRlIjoxMjAwMDAwMDAwMDAwfX0="
        }
      ]
    },
    {
      "mode": "managed",
      "type": "google_service_usage_consumer_quota_override",
      "name": "generativelanguage",
      "provider": "provider[\"registry.terraform.io/hashicorp/google-beta\"]",
      "instances": [
        {
          "schema_version": 0,
          "attributes": {
            "dimensions": {},
            "force": true,
            "id": "projects/productdevelopment-a9c31/services/generativelanguage.googleapis.com/consumerQuotaMetrics/generativelanguage.googleapis.com%2Fgenerate_requests_per_model/limits/%2Fmin%2Fmodel%2Fproject/consumerOverrides/Cg1RdW90YU92ZXJyaWRl",
            "limit": "%2Fmin%2Fmodel%2Fproject",
            "metric": "generativelanguage.googleapis.com%2Fgenerate_requests_per_model",
            "name": "Cg1RdW90YU92ZXJyaWRl",
            "override_value": "10",
            "project": "productdevelopment-a9c31",
            "service": "generativelanguage.googleapis.com",
            "timeouts": null
          },
          "sensitive_attributes": [],
          "private": "eyJlMmJmYjczMC1lY2FhLTExZTYtOGY4OC0zNDM2M2JjN2M0YzAiOnsiY3JlYXRlIjoxMjAwMDAwMDAwMDAwLCJkZWxldGUiOjEyMDAwMDAwMDAwMDAsInVwZGF0ZSI6MTIwMDAwMDAwMDAwMH19",
          "dependencies": [
            "google_project_service.services"
          ]
        }
      ]
    },
    {
      "mode": "managed",
      "type": "local_file",
      "name": "environment_ts",
      "provider": "provider[\"registry.terraform.io/hashicorp/local\"]",
      "instances": [
        {
          "schema_version": 0,
          "attributes": {
            "content": "export const environment = {\n  firebase: {\n      apiKey: 'AIzaSyBPwHyztHSCEn_PEw3Hy72no38i5uGuWpc',\n      authDomain: 'productdevelopment-a9c31.firebaseapp.com',\n      databaseURL: '',\n      projectId: 'productdevelopment-a9c31',\n      storageBucket: 'productdevelopment-a9c31.firebasestorage.app',\n      messagingSenderId: '612969750246',\n      appId: '1:612969750246:web:57394d83275d2dabbea527',\n      measurementId: '',\n  },\n  gemini_api_key: 'AIzaSyB1AyRMGFz8FcblWi47AWC0qsqXDM06ey4',\n  debug_token: ''\n};",
            "content_base64": null,
            "content_base64sha256": "3FUJeJtq9rqkeVt8oqKWkkywhj/DSpNRLYGxaXUCQoY=",
            "content_base64sha512": "lH4YynXNuSawrDrAesMhM1C3z7lOnOSeEZ8/jqpb6NEaCId4jih8Xv0U/AclzrIa4dzCYK7w7Or2PHsKFFBQeg==",
            "content_md5": "73c8ab88efb6b0fc237f6861efeddce1",
            "content_sha1": "0cfe45a16ed7537e9e334a0d55bb783e7f3fcccb",
            "content_sha256": "dc5509789b6af6baa4795b7ca2a296924cb0863fc34a93512d81b16975024286",
            "content_sha512": "947e18ca75cdb926b0ac3ac07ac3213350b7cfb94e9ce49e119f3f8eaa5be8d11a0887788e287c5efd14fc0725ceb21ae1dcc260aef0eceaf63c7b0a1450507a",
            "directory_permission": "0777",
            "file_permission": "0777",
            "filename": "./src/environments/environments.ts",
            "id": "0cfe45a16ed7537e9e334a0d55bb783e7f3fcccb",
            "sensitive_content": null,
            "source": null
          },
          "sensitive_attributes": [
            [
              {
                "type": "get_attr",
                "value": "content"
              }
            ]
          ],
          "dependencies": [
            "data.google_firebase_web_app_config.example",
            "data.google_project.project",
            "google_apikeys_key.generativelanguage",
            "google_firebase_web_app.example",
            "google_project_service.services"
          ]
        }
      ]
    },
    {
      "mode": "managed",
      "type": "local_file",
      "name": "firebaserc",
      "provider": "provider[\"registry.terraform.io/hashicorp/local\"]",
      "instances": [
        {
          "schema_version": 0,
          "attributes": {
            "content": "{\"projects\":{\"default\":\"productdevelopment-a9c31\"}}",
            "content_base64": null,
            "content_base64sha256": "ubVbNUwuzCFnVUBa0KpwcnMaleJa8IsHB9StS6R3qJg=",
            "content_base64sha512": "9dU6nq/XwptZXNSNyFoq+ReaZLVutQ+Z5SQRvljRFdlfOe7CQaGr7RBTOPR4EiIhdiuAMYMRimZ5m2wtiINUtQ==",
            "content_md5": "ca9f903530ab8ed4a56d5d8cff29d49f",
            "content_sha1": "18a2c12625e772df72d09fa2073c430f7ba54d48",
            "content_sha256": "b9b55b354c2ecc216755405ad0aa7072731a95e25af08b0707d4ad4ba477a898",
            "content_sha512": "f5d53a9eafd7c29b595cd48dc85a2af9179a64b56eb50f99e52411be58d115d95f39eec241a1abed105338f478122221762b803183118a66799b6c2d888354b5",
            "directory_permission": "0777",
            "file_permission": "0777",
            "filename": "./.firebaserc",
            "id": "18a2c12625e772df72d09fa2073c430f7ba54d48",
            "sensitive_content": null,
            "source": null
          },
          "sensitive_attributes": []
        }
      ]
    },
    {
      "mode": "managed",
      "type": "local_file",
      "name": "firestore_rules",
      "provider": "provider[\"registry.terraform.io/hashicorp/local\"]",
      "instances": [
        {
          "schema_version": 0,
          "attributes": {
            "content": "service cloud.firestore {\n  match /databases/{database}/documents/{document=**} {\n    allow read, write: if request.auth != null \u0026\u0026 request.time \u003c timestamp.date(2024, 12, 15);\n  }\n}\n",
            "content_base64": null,
            "content_base64sha256": "JDqRj5dHO2WS6m2hRhDIYhIsomkdtc1DSXod6afGsew=",
            "content_base64sha512": "B3BgHILLi+e+IISv4oVo76xNAEEzkHPGWC838EYzxw0tztacnn2oweWjc844LSHf0WyHsu+OYpTU+BCqshKq+g==",
            "content_md5": "0147dd841425f8913a94804d281e5973",
            "content_sha1": "08b4dfc450fe0cd7f621c9e3265c940947ab365f",
            "content_sha256": "243a918f97473b6592ea6da14610c862122ca2691db5cd43497a1de9a7c6b1ec",
            "content_sha512": "0770601c82cb8be7be2084afe28568efac4d0041339073c6582f37f04633c70d2dced69c9e7da8c1e5a373ce382d21dfd16c87b2ef8e6294d4f810aab212aafa",
            "directory_permission": "0777",
            "file_permission": "0777",
            "filename": "./firestore.rules",
            "id": "08b4dfc450fe0cd7f621c9e3265c940947ab365f",
            "sensitive_content": null,
            "source": null
          },
          "sensitive_attributes": []
        }
      ]
    }
  ],
  "check_results": null
}
